// !$*UTF8*$!
{
	archiveVersion = 1;
	classes = {
	};
	objectVersion = 56;
	objects = {

/* Begin PBXBuildFile section */
		D8BFE8662A77992200105A6F /* AppDelegate.swift in Sources */ = {isa = PBXBuildFile; fileRef = D8BFE8652A77992200105A6F /* AppDelegate.swift */; };
		D8BFE8682A77992200105A6F /* SceneDelegate.swift in Sources */ = {isa = PBXBuildFile; fileRef = D8BFE8672A77992200105A6F /* SceneDelegate.swift */; };
		D8BFE86A2A77992200105A6F /* ViewController.swift in Sources */ = {isa = PBXBuildFile; fileRef = D8BFE8692A77992200105A6F /* ViewController.swift */; };
		D8BFE86D2A77992200105A6F /* Main.storyboard in Resources */ = {isa = PBXBuildFile; fileRef = D8BFE86B2A77992200105A6F /* Main.storyboard */; };
		D8BFE86F2A77992300105A6F /* Assets.xcassets in Resources */ = {isa = PBXBuildFile; fileRef = D8BFE86E2A77992300105A6F /* Assets.xcassets */; };
		D8BFE8722A77992300105A6F /* LaunchScreen.storyboard in Resources */ = {isa = PBXBuildFile; fileRef = D8BFE8702A77992300105A6F /* LaunchScreen.storyboard */; };
		D8BFE87A2A77994E00105A6F /* BookWarmCollectionViewController.swift in Sources */ = {isa = PBXBuildFile; fileRef = D8BFE8792A77994E00105A6F /* BookWarmCollectionViewController.swift */; };
		D8BFE87D2A7799BD00105A6F /* BookWarmCollectionViewCell.swift in Sources */ = {isa = PBXBuildFile; fileRef = D8BFE87B2A7799BD00105A6F /* BookWarmCollectionViewCell.swift */; };
		D8BFE87E2A7799BD00105A6F /* BookWarmCollectionViewCell.xib in Resources */ = {isa = PBXBuildFile; fileRef = D8BFE87C2A7799BD00105A6F /* BookWarmCollectionViewCell.xib */; };
		D8BFE8802A779AFD00105A6F /* MovieInfo.swift in Sources */ = {isa = PBXBuildFile; fileRef = D8BFE87F2A779AFD00105A6F /* MovieInfo.swift */; };
		D8BFE8822A779B2100105A6F /* Movie.swift in Sources */ = {isa = PBXBuildFile; fileRef = D8BFE8812A779B2100105A6F /* Movie.swift */; };
		D8BFE8842A779DE800105A6F /* SearchViewController.swift in Sources */ = {isa = PBXBuildFile; fileRef = D8BFE8832A779DE800105A6F /* SearchViewController.swift */; };
		D8BFE8862A77A77300105A6F /* DetailViewController.swift in Sources */ = {isa = PBXBuildFile; fileRef = D8BFE8852A77A77300105A6F /* DetailViewController.swift */; };
/* End PBXBuildFile section */

/* Begin PBXFileReference section */
		D8BFE8622A77992200105A6F /* BookWarm.app */ = {isa = PBXFileReference; explicitFileType = wrapper.application; includeInIndex = 0; path = BookWarm.app; sourceTree = BUILT_PRODUCTS_DIR; };
		D8BFE8652A77992200105A6F /* AppDelegate.swift */ = {isa = PBXFileReference; lastKnownFileType = sourcecode.swift; path = AppDelegate.swift; sourceTree = "<group>"; };
		D8BFE8672A77992200105A6F /* SceneDelegate.swift */ = {isa = PBXFileReference; lastKnownFileType = sourcecode.swift; path = SceneDelegate.swift; sourceTree = "<group>"; };
		D8BFE8692A77992200105A6F /* ViewController.swift */ = {isa = PBXFileReference; lastKnownFileType = sourcecode.swift; path = ViewController.swift; sourceTree = "<group>"; };
		D8BFE86C2A77992200105A6F /* Base */ = {isa = PBXFileReference; lastKnownFileType = file.storyboard; name = Base; path = Base.lproj/Main.storyboard; sourceTree = "<group>"; };
		D8BFE86E2A77992300105A6F /* Assets.xcassets */ = {isa = PBXFileReference; lastKnownFileType = folder.assetcatalog; path = Assets.xcassets; sourceTree = "<group>"; };
		D8BFE8712A77992300105A6F /* Base */ = {isa = PBXFileReference; lastKnownFileType = file.storyboard; name = Base; path = Base.lproj/LaunchScreen.storyboard; sourceTree = "<group>"; };
		D8BFE8732A77992300105A6F /* Info.plist */ = {isa = PBXFileReference; lastKnownFileType = text.plist.xml; path = Info.plist; sourceTree = "<group>"; };
		D8BFE8792A77994E00105A6F /* BookWarmCollectionViewController.swift */ = {isa = PBXFileReference; lastKnownFileType = sourcecode.swift; path = BookWarmCollectionViewController.swift; sourceTree = "<group>"; };
		D8BFE87B2A7799BD00105A6F /* BookWarmCollectionViewCell.swift */ = {isa = PBXFileReference; lastKnownFileType = sourcecode.swift; path = BookWarmCollectionViewCell.swift; sourceTree = "<group>"; };
		D8BFE87C2A7799BD00105A6F /* BookWarmCollectionViewCell.xib */ = {isa = PBXFileReference; lastKnownFileType = file.xib; path = BookWarmCollectionViewCell.xib; sourceTree = "<group>"; };
		D8BFE87F2A779AFD00105A6F /* MovieInfo.swift */ = {isa = PBXFileReference; lastKnownFileType = sourcecode.swift; path = MovieInfo.swift; sourceTree = "<group>"; };
		D8BFE8812A779B2100105A6F /* Movie.swift */ = {isa = PBXFileReference; lastKnownFileType = sourcecode.swift; path = Movie.swift; sourceTree = "<group>"; };
		D8BFE8832A779DE800105A6F /* SearchViewController.swift */ = {isa = PBXFileReference; lastKnownFileType = sourcecode.swift; path = SearchViewController.swift; sourceTree = "<group>"; };
		D8BFE8852A77A77300105A6F /* DetailViewController.swift */ = {isa = PBXFileReference; lastKnownFileType = sourcecode.swift; path = DetailViewController.swift; sourceTree = "<group>"; };
/* End PBXFileReference section */

/* Begin PBXFrameworksBuildPhase section */
		D8BFE85F2A77992200105A6F /* Frameworks */ = {
			isa = PBXFrameworksBuildPhase;
			buildActionMask = 2147483647;
			files = (
			);
			runOnlyForDeploymentPostprocessing = 0;
		};
/* End PBXFrameworksBuildPhase section */

/* Begin PBXGroup section */
		D8BFE8592A77992200105A6F = {
			isa = PBXGroup;
			children = (
				D8BFE8642A77992200105A6F /* BookWarm */,
				D8BFE8632A77992200105A6F /* Products */,
			);
			sourceTree = "<group>";
		};
		D8BFE8632A77992200105A6F /* Products */ = {
			isa = PBXGroup;
			children = (
				D8BFE8622A77992200105A6F /* BookWarm.app */,
			);
			name = Products;
			sourceTree = "<group>";
		};
		D8BFE8642A77992200105A6F /* BookWarm */ = {
			isa = PBXGroup;
			children = (
				D8BFE8652A77992200105A6F /* AppDelegate.swift */,
				D8BFE8672A77992200105A6F /* SceneDelegate.swift */,
				D8BFE8692A77992200105A6F /* ViewController.swift */,
				D8BFE86B2A77992200105A6F /* Main.storyboard */,
				D8BFE8852A77A77300105A6F /* DetailViewController.swift */,
				D8BFE8832A779DE800105A6F /* SearchViewController.swift */,
				D8BFE87F2A779AFD00105A6F /* MovieInfo.swift */,
				D8BFE8812A779B2100105A6F /* Movie.swift */,
				D8BFE87B2A7799BD00105A6F /* BookWarmCollectionViewCell.swift */,
				D8BFE87C2A7799BD00105A6F /* BookWarmCollectionViewCell.xib */,
				D8BFE8792A77994E00105A6F /* BookWarmCollectionViewController.swift */,
				D8BFE86E2A77992300105A6F /* Assets.xcassets */,
				D8BFE8702A77992300105A6F /* LaunchScreen.storyboard */,
				D8BFE8732A77992300105A6F /* Info.plist */,
			);
			path = BookWarm;
			sourceTree = "<group>";
		};
/* End PBXGroup section */

/* Begin PBXNativeTarget section */
		D8BFE8612A77992200105A6F /* BookWarm */ = {
			isa = PBXNativeTarget;
			buildConfigurationList = D8BFE8762A77992300105A6F /* Build configuration list for PBXNativeTarget "BookWarm" */;
			buildPhases = (
				D8BFE85E2A77992200105A6F /* Sources */,
				D8BFE85F2A77992200105A6F /* Frameworks */,
				D8BFE8602A77992200105A6F /* Resources */,
			);
			buildRules = (
			);
			dependencies = (
			);
			name = BookWarm;
			productName = BookWarm;
			productReference = D8BFE8622A77992200105A6F /* BookWarm.app */;
			productType = "com.apple.product-type.application";
		};
/* End PBXNativeTarget section */

/* Begin PBXProject section */
		D8BFE85A2A77992200105A6F /* Project object */ = {
			isa = PBXProject;
			attributes = {
				BuildIndependentTargetsInParallel = 1;
				LastSwiftUpdateCheck = 1430;
				LastUpgradeCheck = 1430;
				TargetAttributes = {
					D8BFE8612A77992200105A6F = {
						CreatedOnToolsVersion = 14.3.1;
					};
				};
			};
			buildConfigurationList = D8BFE85D2A77992200105A6F /* Build configuration list for PBXProject "BookWarm" */;
			compatibilityVersion = "Xcode 14.0";
			developmentRegion = en;
			hasScannedForEncodings = 0;
			knownRegions = (
				en,
				Base,
			);
			mainGroup = D8BFE8592A77992200105A6F;
			productRefGroup = D8BFE8632A77992200105A6F /* Products */;
			projectDirPath = "";
			projectRoot = "";
			targets = (
				D8BFE8612A77992200105A6F /* BookWarm */,
			);
		};
/* End PBXProject section */

/* Begin PBXResourcesBuildPhase section */
		D8BFE8602A77992200105A6F /* Resources */ = {
			isa = PBXResourcesBuildPhase;
			buildActionMask = 2147483647;
			files = (
				D8BFE87E2A7799BD00105A6F /* BookWarmCollectionViewCell.xib in Resources */,
				D8BFE8722A77992300105A6F /* LaunchScreen.storyboard in Resources */,
				D8BFE86F2A77992300105A6F /* Assets.xcassets in Resources */,
				D8BFE86D2A77992200105A6F /* Main.storyboard in Resources */,
			);
			runOnlyForDeploymentPostprocessing = 0;
		};
/* End PBXResourcesBuildPhase section */

/* Begin PBXSourcesBuildPhase section */
		D8BFE85E2A77992200105A6F /* Sources */ = {
			isa = PBXSourcesBuildPhase;
			buildActionMask = 2147483647;
			files = (
				D8BFE8862A77A77300105A6F /* DetailViewController.swift in Sources */,
				D8BFE8822A779B2100105A6F /* Movie.swift in Sources */,
				D8BFE86A2A77992200105A6F /* ViewController.swift in Sources */,
				D8BFE8842A779DE800105A6F /* SearchViewController.swift in Sources */,
				D8BFE8662A77992200105A6F /* AppDelegate.swift in Sources */,
				D8BFE87A2A77994E00105A6F /* BookWarmCollectionViewController.swift in Sources */,
				D8BFE87D2A7799BD00105A6F /* BookWarmCollectionViewCell.swift in Sources */,
				D8BFE8802A779AFD00105A6F /* MovieInfo.swift in Sources */,
				D8BFE8682A77992200105A6F /* SceneDelegate.swift in Sources */,
			);
			runOnlyForDeploymentPostprocessing = 0;
		};
/* End PBXSourcesBuildPhase section */

/* Begin PBXVariantGroup section */
		D8BFE86B2A77992200105A6F /* Main.storyboard */ = {
			isa = PBXVariantGroup;
			children = (
				D8BFE86C2A77992200105A6F /* Base */,
			);
			name = Main.storyboard;
			sourceTree = "<group>";
		};
		D8BFE8702A77992300105A6F /* LaunchScreen.storyboard */ = {
			isa = PBXVariantGroup;
			children = (
				D8BFE8712A77992300105A6F /* Base */,
			);
			name = LaunchScreen.storyboard;
			sourceTree = "<group>";
		};
/* End PBXVariantGroup section */

/* Begin XCBuildConfiguration section */
		D8BFE8742A77992300105A6F /* Debug */ = {
			isa = XCBuildConfiguration;
			buildSettings = {
				ALWAYS_SEARCH_USER_PATHS = NO;
				CLANG_ANALYZER_NONNULL = YES;
				CLANG_ANALYZER_NUMBER_OBJECT_CONVERSION = YES_AGGRESSIVE;
				CLANG_CXX_LANGUAGE_STANDARD = "gnu++20";
				CLANG_ENABLE_MODULES = YES;
				CLANG_ENABLE_OBJC_ARC = YES;
				CLANG_ENABLE_OBJC_WEAK = YES;
				CLANG_WARN_BLOCK_CAPTURE_AUTORELEASING = YES;
				CLANG_WARN_BOOL_CONVERSION = YES;
				CLANG_WARN_COMMA = YES;
				CLANG_WARN_CONSTANT_CONVERSION = YES;
				CLANG_WARN_DEPRECATED_OBJC_IMPLEMENTATIONS = YES;
				CLANG_WARN_DIRECT_OBJC_ISA_USAGE = YES_ERROR;
				CLANG_WARN_DOCUMENTATION_COMMENTS = YES;
				CLANG_WARN_EMPTY_BODY = YES;
				CLANG_WARN_ENUM_CONVERSION = YES;
				CLANG_WARN_INFINITE_RECURSION = YES;
				CLANG_WARN_INT_CONVERSION = YES;
				CLANG_WARN_NON_LITERAL_NULL_CONVERSION = YES;
				CLANG_WARN_OBJC_IMPLICIT_RETAIN_SELF = YES;
				CLANG_WARN_OBJC_LITERAL_CONVERSION = YES;
				CLANG_WARN_OBJC_ROOT_CLASS = YES_ERROR;
				CLANG_WARN_QUOTED_INCLUDE_IN_FRAMEWORK_HEADER = YES;
				CLANG_WARN_RANGE_LOOP_ANALYSIS = YES;
				CLANG_WARN_STRICT_PROTOTYPES = YES;
				CLANG_WARN_SUSPICIOUS_MOVE = YES;
				CLANG_WARN_UNGUARDED_AVAILABILITY = YES_AGGRESSIVE;
				CLANG_WARN_UNREACHABLE_CODE = YES;
				CLANG_WARN__DUPLICATE_METHOD_MATCH = YES;
				COPY_PHASE_STRIP = NO;
				DEBUG_INFORMATION_FORMAT = dwarf;
				ENABLE_STRICT_OBJC_MSGSEND = YES;
				ENABLE_TESTABILITY = YES;
				GCC_C_LANGUAGE_STANDARD = gnu11;
				GCC_DYNAMIC_NO_PIC = NO;
				GCC_NO_COMMON_BLOCKS = YES;
				GCC_OPTIMIZATION_LEVEL = 0;
				GCC_PREPROCESSOR_DEFINITIONS = (
					"DEBUG=1",
					"$(inherited)",
				);
				GCC_WARN_64_TO_32_BIT_CONVERSION = YES;
				GCC_WARN_ABOUT_RETURN_TYPE = YES_ERROR;
				GCC_WARN_UNDECLARED_SELECTOR = YES;
				GCC_WARN_UNINITIALIZED_AUTOS = YES_AGGRESSIVE;
				GCC_WARN_UNUSED_FUNCTION = YES;
				GCC_WARN_UNUSED_VARIABLE = YES;
				IPHONEOS_DEPLOYMENT_TARGET = 16.4;
				MTL_ENABLE_DEBUG_INFO = INCLUDE_SOURCE;
				MTL_FAST_MATH = YES;
				ONLY_ACTIVE_ARCH = YES;
				SDKROOT = iphoneos;
				SWIFT_ACTIVE_COMPILATION_CONDITIONS = DEBUG;
				SWIFT_OPTIMIZATION_LEVEL = "-Onone";
			};
			name = Debug;
		};
		D8BFE8752A77992300105A6F /* Release */ = {
			isa = XCBuildConfiguration;
			buildSettings = {
				ALWAYS_SEARCH_USER_PATHS = NO;
				CLANG_ANALYZER_NONNULL = YES;
				CLANG_ANALYZER_NUMBER_OBJECT_CONVERSION = YES_AGGRESSIVE;
				CLANG_CXX_LANGUAGE_STANDARD = "gnu++20";
				CLANG_ENABLE_MODULES = YES;
				CLANG_ENABLE_OBJC_ARC = YES;
				CLANG_ENABLE_OBJC_WEAK = YES;
				CLANG_WARN_BLOCK_CAPTURE_AUTORELEASING = YES;
				CLANG_WARN_BOOL_CONVERSION = YES;
				CLANG_WARN_COMMA = YES;
				CLANG_WARN_CONSTANT_CONVERSION = YES;
				CLANG_WARN_DEPRECATED_OBJC_IMPLEMENTATIONS = YES;
				CLANG_WARN_DIRECT_OBJC_ISA_USAGE = YES_ERROR;
				CLANG_WARN_DOCUMENTATION_COMMENTS = YES;
				CLANG_WARN_EMPTY_BODY = YES;
				CLANG_WARN_ENUM_CONVERSION = YES;
				CLANG_WARN_INFINITE_RECURSION = YES;
				CLANG_WARN_INT_CONVERSION = YES;
				CLANG_WARN_NON_LITERAL_NULL_CONVERSION = YES;
				CLANG_WARN_OBJC_IMPLICIT_RETAIN_SELF = YES;
				CLANG_WARN_OBJC_LITERAL_CONVERSION = YES;
				CLANG_WARN_OBJC_ROOT_CLASS = YES_ERROR;
				CLANG_WARN_QUOTED_INCLUDE_IN_FRAMEWORK_HEADER = YES;
				CLANG_WARN_RANGE_LOOP_ANALYSIS = YES;
				CLANG_WARN_STRICT_PROTOTYPES = YES;
				CLANG_WARN_SUSPICIOUS_MOVE = YES;
				CLANG_WARN_UNGUARDED_AVAILABILITY = YES_AGGRESSIVE;
				CLANG_WARN_UNREACHABLE_CODE = YES;
				CLANG_WARN__DUPLICATE_METHOD_MATCH = YES;
				COPY_PHASE_STRIP = NO;
				DEBUG_INFORMATION_FORMAT = "dwarf-with-dsym";
				ENABLE_NS_ASSERTIONS = NO;
				ENABLE_STRICT_OBJC_MSGSEND = YES;
				GCC_C_LANGUAGE_STANDARD = gnu11;
				GCC_NO_COMMON_BLOCKS = YES;
				GCC_WARN_64_TO_32_BIT_CONVERSION = YES;
				GCC_WARN_ABOUT_RETURN_TYPE = YES_ERROR;
				GCC_WARN_UNDECLARED_SELECTOR = YES;
				GCC_WARN_UNINITIALIZED_AUTOS = YES_AGGRESSIVE;
				GCC_WARN_UNUSED_FUNCTION = YES;
				GCC_WARN_UNUSED_VARIABLE = YES;
				IPHONEOS_DEPLOYMENT_TARGET = 16.4;
				MTL_ENABLE_DEBUG_INFO = NO;
				MTL_FAST_MATH = YES;
				SDKROOT = iphoneos;
				SWIFT_COMPILATION_MODE = wholemodule;
				SWIFT_OPTIMIZATION_LEVEL = "-O";
				VALIDATE_PRODUCT = YES;
			};
			name = Release;
		};
		D8BFE8772A77992300105A6F /* Debug */ = {
			isa = XCBuildConfiguration;
			buildSettings = {
				ASSETCATALOG_COMPILER_APPICON_NAME = AppIcon;
				ASSETCATALOG_COMPILER_GLOBAL_ACCENT_COLOR_NAME = AccentColor;
				CODE_SIGN_STYLE = Automatic;
				CURRENT_PROJECT_VERSION = 1;
				DEVELOPMENT_TEAM = AM9D6522QR;
				GENERATE_INFOPLIST_FILE = YES;
				INFOPLIST_FILE = BookWarm/Info.plist;
				INFOPLIST_KEY_UIApplicationSupportsIndirectInputEvents = YES;
				INFOPLIST_KEY_UILaunchStoryboardName = LaunchScreen;
				INFOPLIST_KEY_UIMainStoryboardFile = Main;
				INFOPLIST_KEY_UISupportedInterfaceOrientations_iPad = "UIInterfaceOrientationPortrait UIInterfaceOrientationPortraitUpsideDown UIInterfaceOrientationLandscapeLeft UIInterfaceOrientationLandscapeRight";
				INFOPLIST_KEY_UISupportedInterfaceOrientations_iPhone = "UIInterfaceOrientationPortrait UIInterfaceOrientationLandscapeLeft UIInterfaceOrientationLandscapeRight";
				LD_RUNPATH_SEARCH_PATHS = (
					"$(inherited)",
					"@executable_path/Frameworks",
				);
				MARKETING_VERSION = 1.0;
				PRODUCT_BUNDLE_IDENTIFIER = com.Sun.BookWarm;
				PRODUCT_NAME = "$(TARGET_NAME)";
				SWIFT_EMIT_LOC_STRINGS = YES;
				SWIFT_VERSION = 5.0;
				TARGETED_DEVICE_FAMILY = "1,2";
			};
			name = Debug;
		};
		D8BFE8782A77992300105A6F /* Release */ = {
			isa = XCBuildConfiguration;
			buildSettings = {
				ASSETCATALOG_COMPILER_APPICON_NAME = AppIcon;
				ASSETCATALOG_COMPILER_GLOBAL_ACCENT_COLOR_NAME = AccentColor;
				CODE_SIGN_STYLE = Automatic;
				CURRENT_PROJECT_VERSION = 1;
				DEVELOPMENT_TEAM = AM9D6522QR;
				GENERATE_INFOPLIST_FILE = YES;
				INFOPLIST_FILE = BookWarm/Info.plist;
				INFOPLIST_KEY_UIApplicationSupportsIndirectInputEvents = YES;
				INFOPLIST_KEY_UILaunchStoryboardName = LaunchScreen;
				INFOPLIST_KEY_UIMainStoryboardFile = Main;
				INFOPLIST_KEY_UISupportedInterfaceOrientations_iPad = "UIInterfaceOrientationPortrait UIInterfaceOrientationPortraitUpsideDown UIInterfaceOrientationLandscapeLeft UIInterfaceOrientationLandscapeRight";
				INFOPLIST_KEY_UISupportedInterfaceOrientations_iPhone = "UIInterfaceOrientationPortrait UIInterfaceOrientationLandscapeLeft UIInterfaceOrientationLandscapeRight";
				LD_RUNPATH_SEARCH_PATHS = (
					"$(inherited)",
					"@executable_path/Frameworks",
				);
				MARKETING_VERSION = 1.0;
				PRODUCT_BUNDLE_IDENTIFIER = com.Sun.BookWarm;
				PRODUCT_NAME = "$(TARGET_NAME)";
				SWIFT_EMIT_LOC_STRINGS = YES;
				SWIFT_VERSION = 5.0;
				TARGETED_DEVICE_FAMILY = "1,2";
			};
			name = Release;
		};
/* End XCBuildConfiguration section */

/* Begin XCConfigurationList section */
		D8BFE85D2A77992200105A6F /* Build configuration list for PBXProject "BookWarm" */ = {
			isa = XCConfigurationList;
			buildConfigurations = (
				D8BFE8742A77992300105A6F /* Debug */,
				D8BFE8752A77992300105A6F /* Release */,
			);
			defaultConfigurationIsVisible = 0;
			defaultConfigurationName = Release;
		};
		D8BFE8762A77992300105A6F /* Build configuration list for PBXNativeTarget "BookWarm" */ = {
			isa = XCConfigurationList;
			buildConfigurations = (
				D8BFE8772A77992300105A6F /* Debug */,
				D8BFE8782A77992300105A6F /* Release */,
			);
			defaultConfigurationIsVisible = 0;
			defaultConfigurationName = Release;
		};
/* End XCConfigurationList section */
	};
	rootObject = D8BFE85A2A77992200105A6F /* Project object */;
}
